<?xml version="1.0" encoding="utf-8"?>
<Project ToolsVersion="4.0" xmlns="http://schemas.microsoft.com/developer/msbuild/2003">
  <ItemGroup>
    <Filter Include="Source Files">
      <UniqueIdentifier>{4FC737F1-C7A5-4376-A066-2A32D752A2FF}</UniqueIdentifier>
      <Extensions>cpp;c;cc;cxx;c++;cppm;ixx;def;odl;idl;hpj;bat;asm;asmx</Extensions>
    </Filter>
    <Filter Include="Header Files">
      <UniqueIdentifier>{93995380-89BD-4b04-88EB-625FBE52EBFB}</UniqueIdentifier>
      <Extensions>h;hh;hpp;hxx;h++;hm;inl;inc;ipp;xsd</Extensions>
    </Filter>
    <Filter Include="Resource Files">
      <UniqueIdentifier>{67DA6AB6-F800-4c08-8B7A-83BB121AAD01}</UniqueIdentifier>
      <Extensions>rc;ico;cur;bmp;dlg;rc2;rct;bin;rgs;gif;jpg;jpeg;jpe;resx;tiff;tif;png;wav;mfcribbon-ms</Extensions>
    </Filter>
  </ItemGroup>
  <ItemGroup>
    <ClCompile Include="..\..\z80_main.cpp">
      <Filter>Source Files</Filter>
    </ClCompile>
    <ClCompile Include="..\..\ULA.cpp">
      <Filter>Source Files</Filter>
    </ClCompile>
    <ClCompile Include="..\..\WindowsTools.cpp">
      <Filter>Source Files</Filter>
    </ClCompile>
    <ClCompile Include="..\..\io.cpp">
      <Filter>Source Files</Filter>
    </ClCompile>
    <ClCompile Include="..\..\display.cpp">
      <Filter>Source Files</Filter>
    </ClCompile>
    <ClCompile Include="..\..\keyboard.cpp">
      <Filter>Source Files</Filter>
    </ClCompile>
    <ClCompile Include="..\..\opcodesimpl.cpp">
      <Filter>Source Files</Filter>
    </ClCompile>
  </ItemGroup>
  <ItemGroup>
    <None Include="..\..\opcodesdef.inc">
      <Filter>Header Files</Filter>
    </None>
    <None Include="..\..\opcodesimpl_x86.inc">
      <Filter>Header Files</Filter>
    </None>
    <None Include="..\..\bitops_x86.inc">
      <Filter>Header Files</Filter>
    </None>
    <None Include="..\..\cpuregs.inc">
      <Filter>Header Files</Filter>
    </None>
    <None Include="..\..\dirs_x86.inc">
      <Filter>Header Files</Filter>
    </None>
    <None Include="..\..\Macros.inc">
      <Filter>Header Files</Filter>
    </None>
    <None Include="..\..\dirs_x64.inc">
      <Filter>Header Files</Filter>
    </None>
    <None Include="..\..\opcodesimpl_x64.inc">
      <Filter>Header Files</Filter>
    </None>
    <None Include="..\..\bitops_x64.inc">
      <Filter>Header Files</Filter>
    </None>
    <None Include="..\..\invoke.inc">
      <Filter>Header Files</Filter>
    </None>
    <None Include="..\..\io.inc">
      <Filter>Header Files</Filter>
    </None>
  </ItemGroup>
  <ItemGroup>
    <ClInclude Include="..\..\ULA.h">
      <Filter>Header Files</Filter>
    </ClInclude>
    <ClInclude Include="..\..\WindowsTools.h">
      <Filter>Header Files</Filter>
    </ClInclude>
    <ClInclude Include="..\..\display.h">
      <Filter>Header Files</Filter>
    </ClInclude>
    <ClInclude Include="..\..\keyboard.h">
      <Filter>Header Files</Filter>
    </ClInclude>
    <ClInclude Include="..\..\io.h">
      <Filter>Header Files</Filter>
    </ClInclude>
  </ItemGroup>
  <ItemGroup>
    <MASM Include="..\..\cpu.asm">
      <Filter>Source Files</Filter>
    </MASM>
  </ItemGroup>
</Project>